
Microsoft Visual Studio Solution File, Format Version 11.00
# Visual Basic Express 2010
Project("{F184B08F-C81C-45F6-A57F-5ABD9991F28F}") = "PatientManagementSystem", "PatientManagementSystem\PatientManagementSystem.vbproj", "{CFF11385-98FB-43F9-BA38-EECE9D266B2B}"
EndProject
Global
	GlobalSection(SolutionConfigurationPlatforms) = preSolution
		Debug|x86 = Debug|x86
		Release|x86 = Release|x86
	EndGlobalSection
	GlobalSection(ProjectConfigurationPlatforms) = postSolution
		{CFF11385-98FB-43F9-BA38-EECE9D266B2B}.Debug|x86.ActiveCfg = Debug|x86
		{CFF11385-98FB-43F9-BA38-EECE9D266B2B}.Debug|x86.Build.0 = Debug|x86
		{CFF11385-98FB-43F9-BA38-EECE9D266B2B}.Release|x86.ActiveCfg = Release|x86
		{CFF11385-98FB-43F9-BA38-EECE9D266B2B}.Release|x86.Build.0 = Release|x86
	EndGlobalSection
	GlobalSection(SolutionProperties) = preSolution
		HideSolutionNode = FALSE
	EndGlobalSection
EndGlobal
